<?xml version="1.0" encoding="utf-8"?>
<Project ToolsVersion="4.0" xmlns="http://schemas.microsoft.com/developer/msbuild/2003">
  <ItemGroup>
    <Filter Include="Source Files">
      <UniqueIdentifier>{4FC737F1-C7A5-4376-A066-2A32D752A2FF}</UniqueIdentifier>
      <Extensions>cpp;c;cc;cxx;c++;cppm;ixx;def;odl;idl;hpj;bat;asm;asmx</Extensions>
    </Filter>
    <Filter Include="Header Files">
      <UniqueIdentifier>{93995380-89BD-4b04-88EB-625FBE52EBFB}</UniqueIdentifier>
      <Extensions>h;hh;hpp;hxx;h++;hm;inl;inc;ipp;xsd</Extensions>
    </Filter>
    <Filter Include="Resource Files">
      <UniqueIdentifier>{67DA6AB6-F800-4c08-8B7A-83BB121AAD01}</UniqueIdentifier>
      <Extensions>rc;ico;cur;bmp;dlg;rc2;rct;bin;rgs;gif;jpg;jpeg;jpe;resx;tiff;tif;png;wav;mfcribbon-ms</Extensions>
    </Filter>
    <Filter Include="Header Files\PE_File">
      <UniqueIdentifier>{a2a64519-0f0f-43fd-9e40-57369ff35cfb}</UniqueIdentifier>
    </Filter>
    <Filter Include="Header Files\Neural_net">
      <UniqueIdentifier>{96a07538-a04b-4b2f-bd25-db50fdb1104c}</UniqueIdentifier>
    </Filter>
    <Filter Include="Source Files\PE_File">
      <UniqueIdentifier>{ea59b651-54ad-422f-99b2-2c16aeff4425}</UniqueIdentifier>
    </Filter>
  </ItemGroup>
  <ItemGroup>
    <ClCompile Include="Source.cpp">
      <Filter>Source Files</Filter>
    </ClCompile>
    <ClCompile Include="PEfile\PEfile.cpp">
      <Filter>Source Files\PE_File</Filter>
    </ClCompile>
    <ClCompile Include="NeuralNetwork\Connection.cpp">
      <Filter>Source Files</Filter>
    </ClCompile>
    <ClCompile Include="NeuralNetwork\Neuron.cpp">
      <Filter>Source Files</Filter>
    </ClCompile>
    <ClCompile Include="NeuralNetwork\Net.cpp">
      <Filter>Source Files</Filter>
    </ClCompile>
    <ClCompile Include="Client\Client.cpp">
      <Filter>Source Files</Filter>
    </ClCompile>
    <ClCompile Include="Infector\Infector.cpp">
      <Filter>Source Files</Filter>
    </ClCompile>
    <ClCompile Include="Attacker\Attackercpp.cpp">
      <Filter>Source Files</Filter>
    </ClCompile>
  </ItemGroup>
  <ItemGroup>
    <ClInclude Include="stdafx.h">
      <Filter>Header Files</Filter>
    </ClInclude>
    <ClInclude Include="resource.h">
      <Filter>Header Files</Filter>
    </ClInclude>
    <ClInclude Include="PEfile\PEfile.h">
      <Filter>Header Files\PE_File</Filter>
    </ClInclude>
    <ClInclude Include="PEfile\Shellcode.h">
      <Filter>Header Files\PE_File</Filter>
    </ClInclude>
    <ClInclude Include="NeuralNetwork\Connection.h">
      <Filter>Header Files</Filter>
    </ClInclude>
    <ClInclude Include="NeuralNetwork\Net.h">
      <Filter>Header Files</Filter>
    </ClInclude>
    <ClInclude Include="NeuralNetwork\Neuron.h">
      <Filter>Header Files</Filter>
    </ClInclude>
    <ClInclude Include="NeuralNetwork\rng.h">
      <Filter>Header Files</Filter>
    </ClInclude>
    <ClInclude Include="Client\Client.h">
      <Filter>Header Files</Filter>
    </ClInclude>
    <ClInclude Include="Attacker\Attacker.h">
      <Filter>Header Files</Filter>
    </ClInclude>
    <ClInclude Include="Infector\Infector.h">
      <Filter>Header Files</Filter>
    </ClInclude>
  </ItemGroup>
  <ItemGroup>
    <ResourceCompile Include="Diplomka_SEV0123.rc">
      <Filter>Resource Files</Filter>
    </ResourceCompile>
  </ItemGroup>
</Project>